// !$*UTF8*$!
{
	archiveVersion = 1;
	classes = {
	};
	objectVersion = 46;
	objects = {

/* Begin PBXBuildFile section */
		86B152EE1B0F0C7A008497B8 /* main.m in Sources */ = {isa = PBXBuildFile; fileRef = 86B152ED1B0F0C7A008497B8 /* main.m */; };
		86B152F11B0F0C7A008497B8 /* AppDelegate.m in Sources */ = {isa = PBXBuildFile; fileRef = 86B152F01B0F0C7A008497B8 /* AppDelegate.m */; };
		86B152F41B0F0C7A008497B8 /* ViewController.m in Sources */ = {isa = PBXBuildFile; fileRef = 86B152F31B0F0C7A008497B8 /* ViewController.m */; };
		86B152F71B0F0C7A008497B8 /* Main.storyboard in Resources */ = {isa = PBXBuildFile; fileRef = 86B152F51B0F0C7A008497B8 /* Main.storyboard */; };
		86B152F91B0F0C7A008497B8 /* Images.xcassets in Resources */ = {isa = PBXBuildFile; fileRef = 86B152F81B0F0C7A008497B8 /* Images.xcassets */; };
		86B152FC1B0F0C7A008497B8 /* LaunchScreen.xib in Resources */ = {isa = PBXBuildFile; fileRef = 86B152FA1B0F0C7A008497B8 /* LaunchScreen.xib */; };
		86B153081B0F0C7B008497B8 /* LeoMenuBarTests.m in Sources */ = {isa = PBXBuildFile; fileRef = 86B153071B0F0C7B008497B8 /* LeoMenuBarTests.m */; };
		86B153171B0F0CE7008497B8 /* LeoMenuBar.m in Sources */ = {isa = PBXBuildFile; fileRef = 86B153161B0F0CE7008497B8 /* LeoMenuBar.m */; };
		86B153551B12F680008497B8 /* LeoPopMenuBar.m in Sources */ = {isa = PBXBuildFile; fileRef = 86B153541B12F680008497B8 /* LeoPopMenuBar.m */; };
/* End PBXBuildFile section */

/* Begin PBXContainerItemProxy section */
		86B153021B0F0C7A008497B8 /* PBXContainerItemProxy */ = {
			isa = PBXContainerItemProxy;
			containerPortal = 86B152E01B0F0C7A008497B8 /* Project object */;
			proxyType = 1;
			remoteGlobalIDString = 86B152E71B0F0C7A008497B8;
			remoteInfo = LeoMenuBar;
		};
/* End PBXContainerItemProxy section */

/* Begin PBXFileReference section */
		86B152E81B0F0C7A008497B8 /* LeoMenuBar.app */ = {isa = PBXFileReference; explicitFileType = wrapper.application; includeInIndex = 0; path = LeoMenuBar.app; sourceTree = BUILT_PRODUCTS_DIR; };
		86B152EC1B0F0C7A008497B8 /* Info.plist */ = {isa = PBXFileReference; lastKnownFileType = text.plist.xml; path = Info.plist; sourceTree = "<group>"; };
		86B152ED1B0F0C7A008497B8 /* main.m */ = {isa = PBXFileReference; lastKnownFileType = sourcecode.c.objc; path = main.m; sourceTree = "<group>"; };
		86B152EF1B0F0C7A008497B8 /* AppDelegate.h */ = {isa = PBXFileReference; lastKnownFileType = sourcecode.c.h; path = AppDelegate.h; sourceTree = "<group>"; };
		86B152F01B0F0C7A008497B8 /* AppDelegate.m */ = {isa = PBXFileReference; lastKnownFileType = sourcecode.c.objc; path = AppDelegate.m; sourceTree = "<group>"; };
		86B152F21B0F0C7A008497B8 /* ViewController.h */ = {isa = PBXFileReference; lastKnownFileType = sourcecode.c.h; path = ViewController.h; sourceTree = "<group>"; };
		86B152F31B0F0C7A008497B8 /* ViewController.m */ = {isa = PBXFileReference; lastKnownFileType = sourcecode.c.objc; path = ViewController.m; sourceTree = "<group>"; };
		86B152F61B0F0C7A008497B8 /* Base */ = {isa = PBXFileReference; lastKnownFileType = file.storyboard; name = Base; path = Base.lproj/Main.storyboard; sourceTree = "<group>"; };
		86B152F81B0F0C7A008497B8 /* Images.xcassets */ = {isa = PBXFileReference; lastKnownFileType = folder.assetcatalog; path = Images.xcassets; sourceTree = "<group>"; };
		86B152FB1B0F0C7A008497B8 /* Base */ = {isa = PBXFileReference; lastKnownFileType = file.xib; name = Base; path = Base.lproj/LaunchScreen.xib; sourceTree = "<group>"; };
		86B153011B0F0C7A008497B8 /* LeoMenuBarTests.xctest */ = {isa = PBXFileReference; explicitFileType = wrapper.cfbundle; includeInIndex = 0; path = LeoMenuBarTests.xctest; sourceTree = BUILT_PRODUCTS_DIR; };
		86B153061B0F0C7B008497B8 /* Info.plist */ = {isa = PBXFileReference; lastKnownFileType = text.plist.xml; path = Info.plist; sourceTree = "<group>"; };
		86B153071B0F0C7B008497B8 /* LeoMenuBarTests.m */ = {isa = PBXFileReference; lastKnownFileType = sourcecode.c.objc; path = LeoMenuBarTests.m; sourceTree = "<group>"; };
		86B153151B0F0CE7008497B8 /* LeoMenuBar.h */ = {isa = PBXFileReference; fileEncoding = 4; lastKnownFileType = sourcecode.c.h; path = LeoMenuBar.h; sourceTree = "<group>"; };
		86B153161B0F0CE7008497B8 /* LeoMenuBar.m */ = {isa = PBXFileReference; fileEncoding = 4; lastKnownFileType = sourcecode.c.objc; path = LeoMenuBar.m; sourceTree = "<group>"; };
		86B153531B12F680008497B8 /* LeoPopMenuBar.h */ = {isa = PBXFileReference; fileEncoding = 4; lastKnownFileType = sourcecode.c.h; path = LeoPopMenuBar.h; sourceTree = "<group>"; };
		86B153541B12F680008497B8 /* LeoPopMenuBar.m */ = {isa = PBXFileReference; fileEncoding = 4; lastKnownFileType = sourcecode.c.objc; path = LeoPopMenuBar.m; sourceTree = "<group>"; };
/* End PBXFileReference section */

/* Begin PBXFrameworksBuildPhase section */
		86B152E51B0F0C7A008497B8 /* Frameworks */ = {
			isa = PBXFrameworksBuildPhase;
			buildActionMask = 2147483647;
			files = (
			);
			runOnlyForDeploymentPostprocessing = 0;
		};
		86B152FE1B0F0C7A008497B8 /* Frameworks */ = {
			isa = PBXFrameworksBuildPhase;
			buildActionMask = 2147483647;
			files = (
			);
			runOnlyForDeploymentPostprocessing = 0;
		};
/* End PBXFrameworksBuildPhase section */

/* Begin PBXGroup section */
		86B152DF1B0F0C7A008497B8 = {
			isa = PBXGroup;
			children = (
				86B152EA1B0F0C7A008497B8 /* LeoMenuBar */,
				86B153041B0F0C7A008497B8 /* LeoMenuBarTests */,
				86B152E91B0F0C7A008497B8 /* Products */,
			);
			sourceTree = "<group>";
		};
		86B152E91B0F0C7A008497B8 /* Products */ = {
			isa = PBXGroup;
			children = (
				86B152E81B0F0C7A008497B8 /* LeoMenuBar.app */,
				86B153011B0F0C7A008497B8 /* LeoMenuBarTests.xctest */,
			);
			name = Products;
			sourceTree = "<group>";
		};
		86B152EA1B0F0C7A008497B8 /* LeoMenuBar */ = {
			isa = PBXGroup;
			children = (
				86B153111B0F0CA9008497B8 /* MenuBar */,
				86B152EF1B0F0C7A008497B8 /* AppDelegate.h */,
				86B152F01B0F0C7A008497B8 /* AppDelegate.m */,
				86B152F21B0F0C7A008497B8 /* ViewController.h */,
				86B152F31B0F0C7A008497B8 /* ViewController.m */,
				86B152F51B0F0C7A008497B8 /* Main.storyboard */,
				86B152F81B0F0C7A008497B8 /* Images.xcassets */,
				86B152FA1B0F0C7A008497B8 /* LaunchScreen.xib */,
				86B152EB1B0F0C7A008497B8 /* Supporting Files */,
			);
			path = LeoMenuBar;
			sourceTree = "<group>";
		};
		86B152EB1B0F0C7A008497B8 /* Supporting Files */ = {
			isa = PBXGroup;
			children = (
				86B152EC1B0F0C7A008497B8 /* Info.plist */,
				86B152ED1B0F0C7A008497B8 /* main.m */,
			);
			name = "Supporting Files";
			sourceTree = "<group>";
		};
		86B153041B0F0C7A008497B8 /* LeoMenuBarTests */ = {
			isa = PBXGroup;
			children = (
				86B153071B0F0C7B008497B8 /* LeoMenuBarTests.m */,
				86B153051B0F0C7B008497B8 /* Supporting Files */,
			);
			path = LeoMenuBarTests;
			sourceTree = "<group>";
		};
		86B153051B0F0C7B008497B8 /* Supporting Files */ = {
			isa = PBXGroup;
			children = (
				86B153061B0F0C7B008497B8 /* Info.plist */,
			);
			name = "Supporting Files";
			sourceTree = "<group>";
		};
		86B153111B0F0CA9008497B8 /* MenuBar */ = {
			isa = PBXGroup;
			children = (
				86B153151B0F0CE7008497B8 /* LeoMenuBar.h */,
				86B153161B0F0CE7008497B8 /* LeoMenuBar.m */,
				86B153531B12F680008497B8 /* LeoPopMenuBar.h */,
				86B153541B12F680008497B8 /* LeoPopMenuBar.m */,
			);
			name = MenuBar;
			sourceTree = "<group>";
		};
/* End PBXGroup section */

/* Begin PBXNativeTarget section */
		86B152E71B0F0C7A008497B8 /* LeoMenuBar */ = {
			isa = PBXNativeTarget;
			buildConfigurationList = 86B1530B1B0F0C7B008497B8 /* Build configuration list for PBXNativeTarget "LeoMenuBar" */;
			buildPhases = (
				86B152E41B0F0C7A008497B8 /* Sources */,
				86B152E51B0F0C7A008497B8 /* Frameworks */,
				86B152E61B0F0C7A008497B8 /* Resources */,
			);
			buildRules = (
			);
			dependencies = (
			);
			name = LeoMenuBar;
			productName = LeoMenuBar;
			productReference = 86B152E81B0F0C7A008497B8 /* LeoMenuBar.app */;
			productType = "com.apple.product-type.application";
		};
		86B153001B0F0C7A008497B8 /* LeoMenuBarTests */ = {
			isa = PBXNativeTarget;
			buildConfigurationList = 86B1530E1B0F0C7B008497B8 /* Build configuration list for PBXNativeTarget "LeoMenuBarTests" */;
			buildPhases = (
				86B152FD1B0F0C7A008497B8 /* Sources */,
				86B152FE1B0F0C7A008497B8 /* Frameworks */,
				86B152FF1B0F0C7A008497B8 /* Resources */,
			);
			buildRules = (
			);
			dependencies = (
				86B153031B0F0C7A008497B8 /* PBXTargetDependency */,
			);
			name = LeoMenuBarTests;
			productName = LeoMenuBarTests;
			productReference = 86B153011B0F0C7A008497B8 /* LeoMenuBarTests.xctest */;
			productType = "com.apple.product-type.bundle.unit-test";
		};
/* End PBXNativeTarget section */

/* Begin PBXProject section */
		86B152E01B0F0C7A008497B8 /* Project object */ = {
			isa = PBXProject;
			attributes = {
				LastUpgradeCheck = 0630;
				ORGANIZATIONNAME = "张燎原";
				TargetAttributes = {
					86B152E71B0F0C7A008497B8 = {
						CreatedOnToolsVersion = 6.3.2;
					};
					86B153001B0F0C7A008497B8 = {
						CreatedOnToolsVersion = 6.3.2;
						TestTargetID = 86B152E71B0F0C7A008497B8;
					};
				};
			};
			buildConfigurationList = 86B152E31B0F0C7A008497B8 /* Build configuration list for PBXProject "LeoMenuBar" */;
			compatibilityVersion = "Xcode 3.2";
			developmentRegion = English;
			hasScannedForEncodings = 0;
			knownRegions = (
				en,
				Base,
			);
			mainGroup = 86B152DF1B0F0C7A008497B8;
			productRefGroup = 86B152E91B0F0C7A008497B8 /* Products */;
			projectDirPath = "";
			projectRoot = "";
			targets = (
				86B152E71B0F0C7A008497B8 /* LeoMenuBar */,
				86B153001B0F0C7A008497B8 /* LeoMenuBarTests */,
			);
		};
/* End PBXProject section */

/* Begin PBXResourcesBuildPhase section */
		86B152E61B0F0C7A008497B8 /* Resources */ = {
			isa = PBXResourcesBuildPhase;
			buildActionMask = 2147483647;
			files = (
				86B152F71B0F0C7A008497B8 /* Main.storyboard in Resources */,
				86B152FC1B0F0C7A008497B8 /* LaunchScreen.xib in Resources */,
				86B152F91B0F0C7A008497B8 /* Images.xcassets in Resources */,
			);
			runOnlyForDeploymentPostprocessing = 0;
		};
		86B152FF1B0F0C7A008497B8 /* Resources */ = {
			isa = PBXResourcesBuildPhase;
			buildActionMask = 2147483647;
			files = (
			);
			runOnlyForDeploymentPostprocessing = 0;
		};
/* End PBXResourcesBuildPhase section */

/* Begin PBXSourcesBuildPhase section */
		86B152E41B0F0C7A008497B8 /* Sources */ = {
			isa = PBXSourcesBuildPhase;
			buildActionMask = 2147483647;
			files = (
				86B152F41B0F0C7A008497B8 /* ViewController.m in Sources */,
				86B153171B0F0CE7008497B8 /* LeoMenuBar.m in Sources */,
				86B153551B12F680008497B8 /* LeoPopMenuBar.m in Sources */,
				86B152F11B0F0C7A008497B8 /* AppDelegate.m in Sources */,
				86B152EE1B0F0C7A008497B8 /* main.m in Sources */,
			);
			runOnlyForDeploymentPostprocessing = 0;
		};
		86B152FD1B0F0C7A008497B8 /* Sources */ = {
			isa = PBXSourcesBuildPhase;
			buildActionMask = 2147483647;
			files = (
				86B153081B0F0C7B008497B8 /* LeoMenuBarTests.m in Sources */,
			);
			runOnlyForDeploymentPostprocessing = 0;
		};
/* End PBXSourcesBuildPhase section */

/* Begin PBXTargetDependency section */
		86B153031B0F0C7A008497B8 /* PBXTargetDependency */ = {
			isa = PBXTargetDependency;
			target = 86B152E71B0F0C7A008497B8 /* LeoMenuBar */;
			targetProxy = 86B153021B0F0C7A008497B8 /* PBXContainerItemProxy */;
		};
/* End PBXTargetDependency section */

/* Begin PBXVariantGroup section */
		86B152F51B0F0C7A008497B8 /* Main.storyboard */ = {
			isa = PBXVariantGroup;
			children = (
				86B152F61B0F0C7A008497B8 /* Base */,
			);
			name = Main.storyboard;
			sourceTree = "<group>";
		};
		86B152FA1B0F0C7A008497B8 /* LaunchScreen.xib */ = {
			isa = PBXVariantGroup;
			children = (
				86B152FB1B0F0C7A008497B8 /* Base */,
			);
			name = LaunchScreen.xib;
			sourceTree = "<group>";
		};
/* End PBXVariantGroup section */

/* Begin XCBuildConfiguration section */
		86B153091B0F0C7B008497B8 /* Debug */ = {
			isa = XCBuildConfiguration;
			buildSettings = {
				ALWAYS_SEARCH_USER_PATHS = NO;
				CLANG_CXX_LANGUAGE_STANDARD = "gnu++0x";
				CLANG_CXX_LIBRARY = "libc++";
				CLANG_ENABLE_MODULES = YES;
				CLANG_ENABLE_OBJC_ARC = YES;
				CLANG_WARN_BOOL_CONVERSION = YES;
				CLANG_WARN_CONSTANT_CONVERSION = YES;
				CLANG_WARN_DIRECT_OBJC_ISA_USAGE = YES_ERROR;
				CLANG_WARN_EMPTY_BODY = YES;
				CLANG_WARN_ENUM_CONVERSION = YES;
				CLANG_WARN_INT_CONVERSION = YES;
				CLANG_WARN_OBJC_ROOT_CLASS = YES_ERROR;
				CLANG_WARN_UNREACHABLE_CODE = YES;
				CLANG_WARN__DUPLICATE_METHOD_MATCH = YES;
				"CODE_SIGN_IDENTITY[sdk=iphoneos*]" = "iPhone Developer";
				COPY_PHASE_STRIP = NO;
				DEBUG_INFORMATION_FORMAT = "dwarf-with-dsym";
				ENABLE_STRICT_OBJC_MSGSEND = YES;
				GCC_C_LANGUAGE_STANDARD = gnu99;
				GCC_DYNAMIC_NO_PIC = NO;
				GCC_NO_COMMON_BLOCKS = YES;
				GCC_OPTIMIZATION_LEVEL = 0;
				GCC_PREPROCESSOR_DEFINITIONS = (
					"DEBUG=1",
					"$(inherited)",
				);
				GCC_SYMBOLS_PRIVATE_EXTERN = NO;
				GCC_WARN_64_TO_32_BIT_CONVERSION = YES;
				GCC_WARN_ABOUT_RETURN_TYPE = YES_ERROR;
				GCC_WARN_UNDECLARED_SELECTOR = YES;
				GCC_WARN_UNINITIALIZED_AUTOS = YES_AGGRESSIVE;
				GCC_WARN_UNUSED_FUNCTION = YES;
				GCC_WARN_UNUSED_VARIABLE = YES;
				IPHONEOS_DEPLOYMENT_TARGET = 8.3;
				MTL_ENABLE_DEBUG_INFO = YES;
				ONLY_ACTIVE_ARCH = YES;
				SDKROOT = iphoneos;
			};
			name = Debug;
		};
		86B1530A1B0F0C7B008497B8 /* Release */ = {
			isa = XCBuildConfiguration;
			buildSettings = {
				ALWAYS_SEARCH_USER_PATHS = NO;
				CLANG_CXX_LANGUAGE_STANDARD = "gnu++0x";
				CLANG_CXX_LIBRARY = "libc++";
				CLANG_ENABLE_MODULES = YES;
				CLANG_ENABLE_OBJC_ARC = YES;
				CLANG_WARN_BOOL_CONVERSION = YES;
				CLANG_WARN_CONSTANT_CONVERSION = YES;
				CLANG_WARN_DIRECT_OBJC_ISA_USAGE = YES_ERROR;
				CLANG_WARN_EMPTY_BODY = YES;
				CLANG_WARN_ENUM_CONVERSION = YES;
				CLANG_WARN_INT_CONVERSION = YES;
				CLANG_WARN_OBJC_ROOT_CLASS = YES_ERROR;
				CLANG_WARN_UNREACHABLE_CODE = YES;
				CLANG_WARN__DUPLICATE_METHOD_MATCH = YES;
				"CODE_SIGN_IDENTITY[sdk=iphoneos*]" = "iPhone Developer";
				COPY_PHASE_STRIP = NO;
				DEBUG_INFORMATION_FORMAT = "dwarf-with-dsym";
				ENABLE_NS_ASSERTIONS = NO;
				ENABLE_STRICT_OBJC_MSGSEND = YES;
				GCC_C_LANGUAGE_STANDARD = gnu99;
				GCC_NO_COMMON_BLOCKS = YES;
				GCC_WARN_64_TO_32_BIT_CONVERSION = YES;
				GCC_WARN_ABOUT_RETURN_TYPE = YES_ERROR;
				GCC_WARN_UNDECLARED_SELECTOR = YES;
				GCC_WARN_UNINITIALIZED_AUTOS = YES_AGGRESSIVE;
				GCC_WARN_UNUSED_FUNCTION = YES;
				GCC_WARN_UNUSED_VARIABLE = YES;
				IPHONEOS_DEPLOYMENT_TARGET = 8.3;
				MTL_ENABLE_DEBUG_INFO = NO;
				SDKROOT = iphoneos;
				VALIDATE_PRODUCT = YES;
			};
			name = Release;
		};
		86B1530C1B0F0C7B008497B8 /* Debug */ = {
			isa = XCBuildConfiguration;
			buildSettings = {
				ASSETCATALOG_COMPILER_APPICON_NAME = AppIcon;
				INFOPLIST_FILE = LeoMenuBar/Info.plist;
				LD_RUNPATH_SEARCH_PATHS = "$(inherited) @executable_path/Frameworks";
				PRODUCT_NAME = "$(TARGET_NAME)";
			};
			name = Debug;
		};
		86B1530D1B0F0C7B008497B8 /* Release */ = {
			isa = XCBuildConfiguration;
			buildSettings = {
				ASSETCATALOG_COMPILER_APPICON_NAME = AppIcon;
				INFOPLIST_FILE = LeoMenuBar/Info.plist;
				LD_RUNPATH_SEARCH_PATHS = "$(inherited) @executable_path/Frameworks";
				PRODUCT_NAME = "$(TARGET_NAME)";
			};
			name = Release;
		};
		86B1530F1B0F0C7B008497B8 /* Debug */ = {
			isa = XCBuildConfiguration;
			buildSettings = {
				BUNDLE_LOADER = "$(TEST_HOST)";
				FRAMEWORK_SEARCH_PATHS = (
					"$(SDKROOT)/Developer/Library/Frameworks",
					"$(inherited)",
				);
				GCC_PREPROCESSOR_DEFINITIONS = (
					"DEBUG=1",
					"$(inherited)",
				);
				INFOPLIST_FILE = LeoMenuBarTests/Info.plist;
				LD_RUNPATH_SEARCH_PATHS = "$(inherited) @executable_path/Frameworks @loader_path/Frameworks";
				PRODUCT_NAME = "$(TARGET_NAME)";
				TEST_HOST = "$(BUILT_PRODUCTS_DIR)/LeoMenuBar.app/LeoMenuBar";
			};
			name = Debug;
		};
		86B153101B0F0C7B008497B8 /* Release */ = {
			isa = XCBuildConfiguration;
			buildSettings = {
				BUNDLE_LOADER = "$(TEST_HOST)";
				FRAMEWORK_SEARCH_PATHS = (
					"$(SDKROOT)/Developer/Library/Frameworks",
					"$(inherited)",
				);
				INFOPLIST_FILE = LeoMenuBarTests/Info.plist;
				LD_RUNPATH_SEARCH_PATHS = "$(inherited) @executable_path/Frameworks @loader_path/Frameworks";
				PRODUCT_NAME = "$(TARGET_NAME)";
				TEST_HOST = "$(BUILT_PRODUCTS_DIR)/LeoMenuBar.app/LeoMenuBar";
			};
			name = Release;
		};
/* End XCBuildConfiguration section */

/* Begin XCConfigurationList section */
		86B152E31B0F0C7A008497B8 /* Build configuration list for PBXProject "LeoMenuBar" */ = {
			isa = XCConfigurationList;
			buildConfigurations = (
				86B153091B0F0C7B008497B8 /* Debug */,
				86B1530A1B0F0C7B008497B8 /* Release */,
			);
			defaultConfigurationIsVisible = 0;
			defaultConfigurationName = Release;
		};
		86B1530B1B0F0C7B008497B8 /* Build configuration list for PBXNativeTarget "LeoMenuBar" */ = {
			isa = XCConfigurationList;
			buildConfigurations = (
				86B1530C1B0F0C7B008497B8 /* Debug */,
				86B1530D1B0F0C7B008497B8 /* Release */,
			);
			defaultConfigurationIsVisible = 0;
			defaultConfigurationName = Release;
		};
		86B1530E1B0F0C7B008497B8 /* Build configuration list for PBXNativeTarget "LeoMenuBarTests" */ = {
			isa = XCConfigurationList;
			buildConfigurations = (
				86B1530F1B0F0C7B008497B8 /* Debug */,
				86B153101B0F0C7B008497B8 /* Release */,
			);
			defaultConfigurationIsVisible = 0;
			defaultConfigurationName = Release;
		};
/* End XCConfigurationList section */
	};
	rootObject = 86B152E01B0F0C7A008497B8 /* Project object */;
}
